# This file is automatically @generated by Poetry 1.7.1 and should not be changed by hand.

[[package]]
name = "matlab"
version = "0.1"
description = "Matlab for python"
optional = false
python-versions = "*"
files = [
    {file = "matlab-0.1.tar.gz", hash = "sha256:8b13f7f121fcfb138203e35fa931e5f434abeefccfc583f8b3b4e2c0d0e7bcae"},
]

[[package]]
name = "wheel"
version = "0.43.0"
description = "A built-package format for Python"
optional = false
python-versions = ">=3.8"
files = [
    {file = "wheel-0.43.0-py3-none-any.whl", hash = "sha256:55c570405f142630c6b9f72fe09d9b67cf1477fcf543ae5b8dcb1f5b7377da81"},
    {file = "wheel-0.43.0.tar.gz", hash = "sha256:465ef92c69fa5c5da2d1cf8ac40559a8c940886afcef87dcf14b9470862f1d85"},
]

[package.extras]
test = ["pytest (>=6.0.0)", "setuptools (>=65)"]

[metadata]
lock-version = "2.0"
python-versions = "^3.12"
content-hash = "d82ee5bf001514d075b3040687db2aad7d9d578bdb690cbd008f9e258496b77d"
